
Microsoft Visual Studio Solution File, Format Version 12.00
# Visual Studio Version 16
VisualStudioVersion = 16.0.31702.278
MinimumVisualStudioVersion = 10.0.40219.1
Project("{FAE04EC0-301F-11D3-BF4B-00C04F79EFBC}") = "WindowsFormsApp1", "WindowsFormsApp1.csproj", "{3FCA7007-93FC-4FD5-9622-E9C542BB2CA8}"
EndProject
Project("{FAE04EC0-301F-11D3-BF4B-00C04F79EFBC}") = "00_Test", "..\00_Test\00_Test.csproj", "{E72C8F25-D3EA-4038-B668-D18549FAF88E}"
EndProject
Global
	GlobalSection(SolutionConfigurationPlatforms) = preSolution
		Debug|Any CPU = Debug|Any CPU
		Release|Any CPU = Release|Any CPU
	EndGlobalSection
	GlobalSection(ProjectConfigurationPlatforms) = postSolution
		{3FCA7007-93FC-4FD5-9622-E9C542BB2CA8}.Debug|Any CPU.ActiveCfg = Debug|Any CPU
		{3FCA7007-93FC-4FD5-9622-E9C542BB2CA8}.Debug|Any CPU.Build.0 = Debug|Any CPU
		{3FCA7007-93FC-4FD5-9622-E9C542BB2CA8}.Release|Any CPU.ActiveCfg = Release|Any CPU
		{3FCA7007-93FC-4FD5-9622-E9C542BB2CA8}.Release|Any CPU.Build.0 = Release|Any CPU
		{E72C8F25-D3EA-4038-B668-D18549FAF88E}.Debug|Any CPU.ActiveCfg = Debug|Any CPU
		{E72C8F25-D3EA-4038-B668-D18549FAF88E}.Debug|Any CPU.Build.0 = Debug|Any CPU
		{E72C8F25-D3EA-4038-B668-D18549FAF88E}.Release|Any CPU.ActiveCfg = Release|Any CPU
		{E72C8F25-D3EA-4038-B668-D18549FAF88E}.Release|Any CPU.Build.0 = Release|Any CPU
	EndGlobalSection
	GlobalSection(SolutionProperties) = preSolution
		HideSolutionNode = FALSE
	EndGlobalSection
	GlobalSection(ExtensibilityGlobals) = postSolution
		SolutionGuid = {F49855FA-158B-40B9-A17B-07FEACC131E0}
	EndGlobalSection
EndGlobal
